
Microsoft Visual Studio Solution File, Format Version 12.00
# Visual Studio Version 17
VisualStudioVersion = 17.6.33815.320
MinimumVisualStudioVersion = 10.0.40219.1
Project("{FAE04EC0-301F-11D3-BF4B-00C04F79EFBC}") = "BulkyBookWeb", "BulkyBookWeb\BulkyBookWeb.csproj", "{B469F58E-4EB3-4A24-ADF0-A9E55FD257A7}"
EndProject
Global
	GlobalSection(SolutionConfigurationPlatforms) = preSolution
		Debug|Any CPU = Debug|Any CPU
		Release|Any CPU = Release|Any CPU
	EndGlobalSection
	GlobalSection(ProjectConfigurationPlatforms) = postSolution
		{B469F58E-4EB3-4A24-ADF0-A9E55FD257A7}.Debug|Any CPU.ActiveCfg = Debug|Any CPU
		{B469F58E-4EB3-4A24-ADF0-A9E55FD257A7}.Debug|Any CPU.Build.0 = Debug|Any CPU
		{B469F58E-4EB3-4A24-ADF0-A9E55FD257A7}.Release|Any CPU.ActiveCfg = Release|Any CPU
		{B469F58E-4EB3-4A24-ADF0-A9E55FD257A7}.Release|Any CPU.Build.0 = Release|Any CPU
	EndGlobalSection
	GlobalSection(SolutionProperties) = preSolution
		HideSolutionNode = FALSE
	EndGlobalSection
	GlobalSection(ExtensibilityGlobals) = postSolution
		SolutionGuid = {A64BED22-CD21-4DB3-96AF-8546AC876F60}
	EndGlobalSection
EndGlobal
